
Microsoft Visual Studio Solution File, Format Version 12.00
# Visual Studio Version 17
VisualStudioVersion = 17.13.35825.156
MinimumVisualStudioVersion = 10.0.40219.1
Project("{FAE04EC0-301F-11D3-BF4B-00C04F79EFBC}") = "back-end", "back-end\back-end.csproj", "{3E9E7620-FCEC-4B60-8866-C6EAE7CB4030}"
EndProject
Project("{00D1A9C2-B5F0-4AF3-8072-F6C62B433612}") = "Database1", "..\..\..\source\repos\Database1\Database1.sqlproj", "{11D71085-32D2-422B-B49D-D86316892135}"
EndProject
Global
	GlobalSection(SolutionConfigurationPlatforms) = preSolution
		Debug|Any CPU = Debug|Any CPU
		Release|Any CPU = Release|Any CPU
	EndGlobalSection
	GlobalSection(ProjectConfigurationPlatforms) = postSolution
		{3E9E7620-FCEC-4B60-8866-C6EAE7CB4030}.Debug|Any CPU.ActiveCfg = Debug|Any CPU
		{3E9E7620-FCEC-4B60-8866-C6EAE7CB4030}.Debug|Any CPU.Build.0 = Debug|Any CPU
		{3E9E7620-FCEC-4B60-8866-C6EAE7CB4030}.Release|Any CPU.ActiveCfg = Release|Any CPU
		{3E9E7620-FCEC-4B60-8866-C6EAE7CB4030}.Release|Any CPU.Build.0 = Release|Any CPU
		{11D71085-32D2-422B-B49D-D86316892135}.Debug|Any CPU.ActiveCfg = Debug|Any CPU
		{11D71085-32D2-422B-B49D-D86316892135}.Debug|Any CPU.Build.0 = Debug|Any CPU
		{11D71085-32D2-422B-B49D-D86316892135}.Debug|Any CPU.Deploy.0 = Debug|Any CPU
		{11D71085-32D2-422B-B49D-D86316892135}.Release|Any CPU.ActiveCfg = Release|Any CPU
		{11D71085-32D2-422B-B49D-D86316892135}.Release|Any CPU.Build.0 = Release|Any CPU
		{11D71085-32D2-422B-B49D-D86316892135}.Release|Any CPU.Deploy.0 = Release|Any CPU
	EndGlobalSection
	GlobalSection(SolutionProperties) = preSolution
		HideSolutionNode = FALSE
	EndGlobalSection
	GlobalSection(ExtensibilityGlobals) = postSolution
		SolutionGuid = {BCB14543-320E-41F5-92B0-7B81B4584BCA}
	EndGlobalSection
EndGlobal
